
Microsoft Visual Studio Solution File, Format Version 12.00
# Visual Studio Version 16
VisualStudioVersion = 16.0.31005.135
MinimumVisualStudioVersion = 10.0.40219.1
Project("{FAE04EC0-301F-11D3-BF4B-00C04F79EFBC}") = "SampleTemplate.Web.Mvc", "SampleTemplate.Web.Mvc\SampleTemplate.Web.Mvc.csproj", "{AFCED7CD-9D1D-4239-8512-ED6F12F4A53C}"
EndProject
Project("{FAE04EC0-301F-11D3-BF4B-00C04F79EFBC}") = "SampleTemplate.Entities", "SampleTemplate.Entities\SampleTemplate.Entities.csproj", "{B5A671E8-3363-48B0-AB6C-6545B627D474}"
EndProject
Project("{FAE04EC0-301F-11D3-BF4B-00C04F79EFBC}") = "SampleTemplate.EntityFramework", "SampleTemplate.EntityFramework\SampleTemplate.EntityFramework.csproj", "{A4676528-7BC0-4804-9874-A5505BE25C63}"
EndProject
Project("{FAE04EC0-301F-11D3-BF4B-00C04F79EFBC}") = "SampleTemplate.Application", "SampleTemplate.Application\SampleTemplate.Application.csproj", "{19A610E7-0278-4738-A30A-8A33FD52E2B7}"
EndProject
Project("{FAE04EC0-301F-11D3-BF4B-00C04F79EFBC}") = "SampleTemplate.Shared", "SampleTemplate.Shared\SampleTemplate.Shared.csproj", "{A76BFD6D-FBD0-42E6-836E-F7664FF5AFBD}"
EndProject
Global
	GlobalSection(SolutionConfigurationPlatforms) = preSolution
		Debug|Any CPU = Debug|Any CPU
		Release|Any CPU = Release|Any CPU
	EndGlobalSection
	GlobalSection(ProjectConfigurationPlatforms) = postSolution
		{AFCED7CD-9D1D-4239-8512-ED6F12F4A53C}.Debug|Any CPU.ActiveCfg = Debug|Any CPU
		{AFCED7CD-9D1D-4239-8512-ED6F12F4A53C}.Debug|Any CPU.Build.0 = Debug|Any CPU
		{AFCED7CD-9D1D-4239-8512-ED6F12F4A53C}.Release|Any CPU.ActiveCfg = Release|Any CPU
		{AFCED7CD-9D1D-4239-8512-ED6F12F4A53C}.Release|Any CPU.Build.0 = Release|Any CPU
		{B5A671E8-3363-48B0-AB6C-6545B627D474}.Debug|Any CPU.ActiveCfg = Debug|Any CPU
		{B5A671E8-3363-48B0-AB6C-6545B627D474}.Debug|Any CPU.Build.0 = Debug|Any CPU
		{B5A671E8-3363-48B0-AB6C-6545B627D474}.Release|Any CPU.ActiveCfg = Release|Any CPU
		{B5A671E8-3363-48B0-AB6C-6545B627D474}.Release|Any CPU.Build.0 = Release|Any CPU
		{A4676528-7BC0-4804-9874-A5505BE25C63}.Debug|Any CPU.ActiveCfg = Debug|Any CPU
		{A4676528-7BC0-4804-9874-A5505BE25C63}.Debug|Any CPU.Build.0 = Debug|Any CPU
		{A4676528-7BC0-4804-9874-A5505BE25C63}.Release|Any CPU.ActiveCfg = Release|Any CPU
		{A4676528-7BC0-4804-9874-A5505BE25C63}.Release|Any CPU.Build.0 = Release|Any CPU
		{19A610E7-0278-4738-A30A-8A33FD52E2B7}.Debug|Any CPU.ActiveCfg = Debug|Any CPU
		{19A610E7-0278-4738-A30A-8A33FD52E2B7}.Debug|Any CPU.Build.0 = Debug|Any CPU
		{19A610E7-0278-4738-A30A-8A33FD52E2B7}.Release|Any CPU.ActiveCfg = Release|Any CPU
		{19A610E7-0278-4738-A30A-8A33FD52E2B7}.Release|Any CPU.Build.0 = Release|Any CPU
		{A76BFD6D-FBD0-42E6-836E-F7664FF5AFBD}.Debug|Any CPU.ActiveCfg = Debug|Any CPU
		{A76BFD6D-FBD0-42E6-836E-F7664FF5AFBD}.Debug|Any CPU.Build.0 = Debug|Any CPU
		{A76BFD6D-FBD0-42E6-836E-F7664FF5AFBD}.Release|Any CPU.ActiveCfg = Release|Any CPU
		{A76BFD6D-FBD0-42E6-836E-F7664FF5AFBD}.Release|Any CPU.Build.0 = Release|Any CPU
	EndGlobalSection
	GlobalSection(SolutionProperties) = preSolution
		HideSolutionNode = FALSE
	EndGlobalSection
	GlobalSection(ExtensibilityGlobals) = postSolution
		SolutionGuid = {B7E1CF84-43F3-48B3-96D5-0F79CA6FBC37}
	EndGlobalSection
EndGlobal
